
Microsoft Visual Studio Solution File, Format Version 12.00
Project("{2150E333-8FDC-42A3-9474-1A3956D46DE8}") = "src", "src", "{9462461C-3201-4319-B32E-8482545C1E89}"
EndProject
Project("{2150E333-8FDC-42A3-9474-1A3956D46DE8}") = "tests", "tests", "{01CFA092-5FA0-44C6-AE44-A81320FFEA39}"
EndProject
Project("{FAE04EC0-301F-11D3-BF4B-00C04F79EFBC}") = "Application", "src\Application\Application.csproj", "{30245963-D8C2-4D1F-AA88-98F8E5F8CCC3}"
EndProject
Project("{FAE04EC0-301F-11D3-BF4B-00C04F79EFBC}") = "Domain", "src\Domain\Domain.csproj", "{C31DDE79-FFF2-4F63-AAAC-ADD53F6C3F27}"
EndProject
Project("{FAE04EC0-301F-11D3-BF4B-00C04F79EFBC}") = "Infrastructure", "src\Infrastructure\Infrastructure.csproj", "{05EDC6DA-E311-4D11-BFE1-7CEB88709E21}"
EndProject
Project("{FAE04EC0-301F-11D3-BF4B-00C04F79EFBC}") = "Shared", "src\Shared\Shared.csproj", "{C27F7D62-F965-465E-9405-47F1103AFE39}"
EndProject
Project("{FAE04EC0-301F-11D3-BF4B-00C04F79EFBC}") = "WebApi", "src\WebApi\WebApi.csproj", "{8C31FF88-2BC5-4341-9FF7-74FAB542AE8D}"
EndProject
Project("{FAE04EC0-301F-11D3-BF4B-00C04F79EFBC}") = "Application.UnitTests", "tests\Application.UnitTests\Application.UnitTests.csproj", "{24438B6E-07F6-4EDE-8E2B-79E33DE39DE4}"
EndProject
Project("{FAE04EC0-301F-11D3-BF4B-00C04F79EFBC}") = "Infrastructure.integrationTests", "tests\Infrastructure.integrationTests\Infrastructure.integrationTests.csproj", "{7858B66F-BD61-4B1A-91DB-6F06F31F77B9}"
EndProject
Project("{FAE04EC0-301F-11D3-BF4B-00C04F79EFBC}") = "Doman.UnitTests", "tests\Doman.UnitTests\Doman.UnitTests.csproj", "{6385D947-2952-417F-B219-0676DAD59F80}"
EndProject
Global
	GlobalSection(SolutionConfigurationPlatforms) = preSolution
		Debug|Any CPU = Debug|Any CPU
		Release|Any CPU = Release|Any CPU
	EndGlobalSection
	GlobalSection(NestedProjects) = preSolution
		{30245963-D8C2-4D1F-AA88-98F8E5F8CCC3} = {9462461C-3201-4319-B32E-8482545C1E89}
		{C31DDE79-FFF2-4F63-AAAC-ADD53F6C3F27} = {9462461C-3201-4319-B32E-8482545C1E89}
		{05EDC6DA-E311-4D11-BFE1-7CEB88709E21} = {9462461C-3201-4319-B32E-8482545C1E89}
		{C27F7D62-F965-465E-9405-47F1103AFE39} = {9462461C-3201-4319-B32E-8482545C1E89}
		{8C31FF88-2BC5-4341-9FF7-74FAB542AE8D} = {9462461C-3201-4319-B32E-8482545C1E89}
		{24438B6E-07F6-4EDE-8E2B-79E33DE39DE4} = {01CFA092-5FA0-44C6-AE44-A81320FFEA39}
		{7858B66F-BD61-4B1A-91DB-6F06F31F77B9} = {01CFA092-5FA0-44C6-AE44-A81320FFEA39}
		{6385D947-2952-417F-B219-0676DAD59F80} = {01CFA092-5FA0-44C6-AE44-A81320FFEA39}
	EndGlobalSection
	GlobalSection(ProjectConfigurationPlatforms) = postSolution
		{30245963-D8C2-4D1F-AA88-98F8E5F8CCC3}.Debug|Any CPU.ActiveCfg = Debug|Any CPU
		{30245963-D8C2-4D1F-AA88-98F8E5F8CCC3}.Debug|Any CPU.Build.0 = Debug|Any CPU
		{30245963-D8C2-4D1F-AA88-98F8E5F8CCC3}.Release|Any CPU.ActiveCfg = Release|Any CPU
		{30245963-D8C2-4D1F-AA88-98F8E5F8CCC3}.Release|Any CPU.Build.0 = Release|Any CPU
		{C31DDE79-FFF2-4F63-AAAC-ADD53F6C3F27}.Debug|Any CPU.ActiveCfg = Debug|Any CPU
		{C31DDE79-FFF2-4F63-AAAC-ADD53F6C3F27}.Debug|Any CPU.Build.0 = Debug|Any CPU
		{C31DDE79-FFF2-4F63-AAAC-ADD53F6C3F27}.Release|Any CPU.ActiveCfg = Release|Any CPU
		{C31DDE79-FFF2-4F63-AAAC-ADD53F6C3F27}.Release|Any CPU.Build.0 = Release|Any CPU
		{05EDC6DA-E311-4D11-BFE1-7CEB88709E21}.Debug|Any CPU.ActiveCfg = Debug|Any CPU
		{05EDC6DA-E311-4D11-BFE1-7CEB88709E21}.Debug|Any CPU.Build.0 = Debug|Any CPU
		{05EDC6DA-E311-4D11-BFE1-7CEB88709E21}.Release|Any CPU.ActiveCfg = Release|Any CPU
		{05EDC6DA-E311-4D11-BFE1-7CEB88709E21}.Release|Any CPU.Build.0 = Release|Any CPU
		{C27F7D62-F965-465E-9405-47F1103AFE39}.Debug|Any CPU.ActiveCfg = Debug|Any CPU
		{C27F7D62-F965-465E-9405-47F1103AFE39}.Debug|Any CPU.Build.0 = Debug|Any CPU
		{C27F7D62-F965-465E-9405-47F1103AFE39}.Release|Any CPU.ActiveCfg = Release|Any CPU
		{C27F7D62-F965-465E-9405-47F1103AFE39}.Release|Any CPU.Build.0 = Release|Any CPU
		{8C31FF88-2BC5-4341-9FF7-74FAB542AE8D}.Debug|Any CPU.ActiveCfg = Debug|Any CPU
		{8C31FF88-2BC5-4341-9FF7-74FAB542AE8D}.Debug|Any CPU.Build.0 = Debug|Any CPU
		{8C31FF88-2BC5-4341-9FF7-74FAB542AE8D}.Release|Any CPU.ActiveCfg = Release|Any CPU
		{8C31FF88-2BC5-4341-9FF7-74FAB542AE8D}.Release|Any CPU.Build.0 = Release|Any CPU
		{24438B6E-07F6-4EDE-8E2B-79E33DE39DE4}.Debug|Any CPU.ActiveCfg = Debug|Any CPU
		{24438B6E-07F6-4EDE-8E2B-79E33DE39DE4}.Debug|Any CPU.Build.0 = Debug|Any CPU
		{24438B6E-07F6-4EDE-8E2B-79E33DE39DE4}.Release|Any CPU.ActiveCfg = Release|Any CPU
		{24438B6E-07F6-4EDE-8E2B-79E33DE39DE4}.Release|Any CPU.Build.0 = Release|Any CPU
		{7858B66F-BD61-4B1A-91DB-6F06F31F77B9}.Debug|Any CPU.ActiveCfg = Debug|Any CPU
		{7858B66F-BD61-4B1A-91DB-6F06F31F77B9}.Debug|Any CPU.Build.0 = Debug|Any CPU
		{7858B66F-BD61-4B1A-91DB-6F06F31F77B9}.Release|Any CPU.ActiveCfg = Release|Any CPU
		{7858B66F-BD61-4B1A-91DB-6F06F31F77B9}.Release|Any CPU.Build.0 = Release|Any CPU
		{6385D947-2952-417F-B219-0676DAD59F80}.Debug|Any CPU.ActiveCfg = Debug|Any CPU
		{6385D947-2952-417F-B219-0676DAD59F80}.Debug|Any CPU.Build.0 = Debug|Any CPU
		{6385D947-2952-417F-B219-0676DAD59F80}.Release|Any CPU.ActiveCfg = Release|Any CPU
		{6385D947-2952-417F-B219-0676DAD59F80}.Release|Any CPU.Build.0 = Release|Any CPU
	EndGlobalSection
EndGlobal
